PODS:
  - Flutter (1.0.0)
  - flutter_device_imei (0.0.1):
    - Flutter
  - integration_test (0.0.1):
    - Flutter

DEPENDENCIES:
  - Flutter (from `Flutter`)
  - flutter_device_imei (from `.symlinks/plugins/flutter_device_imei/ios`)
  - integration_test (from `.symlinks/plugins/integration_test/ios`)

EXTERNAL SOURCES:
  Flutter:
    :path: Flutter
  flutter_device_imei:
    :path: ".symlinks/plugins/flutter_device_imei/ios"
  integration_test:
    :path: ".symlinks/plugins/integration_test/ios"

SPEC CHECKSUMS:
  Flutter: e0871f40cf51350855a761d2e70bf5af5b9b5de7
  flutter_device_imei: 91bf55b306f0c3e5d50f6fe017c5d0a7569d1fe0
  integration_test: 13825b8a9334a850581300559b8839134b124670

PODFILE CHECKSUM: 819463e6a0290f5a72f145ba7cde16e8b6ef0796

COCOAPODS: 1.11.3
